
Microsoft Visual Studio Solution File, Format Version 12.00
# Visual Studio Version 17
VisualStudioVersion = 17.9.34723.18
MinimumVisualStudioVersion = 10.0.40219.1
Project("{FAE04EC0-301F-11D3-BF4B-00C04F79EFBC}") = "ConsoleApp1", "ConsoleApp1\ConsoleApp1.csproj", "{A83FA8A6-D937-4AF1-911C-D60846C37E0B}"
EndProject
Project("{FAE04EC0-301F-11D3-BF4B-00C04F79EFBC}") = "ConsoleApp2", "ConsoleApp2\ConsoleApp2.csproj", "{A3DA5232-BCF6-460E-A0E2-9A0C93ED8D51}"
EndProject
Global
	GlobalSection(SolutionConfigurationPlatforms) = preSolution
		Debug|Any CPU = Debug|Any CPU
		Release|Any CPU = Release|Any CPU
	EndGlobalSection
	GlobalSection(ProjectConfigurationPlatforms) = postSolution
		{A83FA8A6-D937-4AF1-911C-D60846C37E0B}.Debug|Any CPU.ActiveCfg = Debug|Any CPU
		{A83FA8A6-D937-4AF1-911C-D60846C37E0B}.Debug|Any CPU.Build.0 = Debug|Any CPU
		{A83FA8A6-D937-4AF1-911C-D60846C37E0B}.Release|Any CPU.ActiveCfg = Release|Any CPU
		{A83FA8A6-D937-4AF1-911C-D60846C37E0B}.Release|Any CPU.Build.0 = Release|Any CPU
		{A3DA5232-BCF6-460E-A0E2-9A0C93ED8D51}.Debug|Any CPU.ActiveCfg = Debug|Any CPU
		{A3DA5232-BCF6-460E-A0E2-9A0C93ED8D51}.Debug|Any CPU.Build.0 = Debug|Any CPU
		{A3DA5232-BCF6-460E-A0E2-9A0C93ED8D51}.Release|Any CPU.ActiveCfg = Release|Any CPU
		{A3DA5232-BCF6-460E-A0E2-9A0C93ED8D51}.Release|Any CPU.Build.0 = Release|Any CPU
	EndGlobalSection
	GlobalSection(SolutionProperties) = preSolution
		HideSolutionNode = FALSE
	EndGlobalSection
	GlobalSection(ExtensibilityGlobals) = postSolution
		SolutionGuid = {E9C52527-8E69-4E14-BB39-6814FC4CCBD0}
	EndGlobalSection
EndGlobal
